// !$*UTF8*$!
{
	archiveVersion = 1;
	classes = {
	};
	objectVersion = 46;
	objects = {

/* Begin PBXBuildFile section */
		78725F2014C64450A936079C /* libPods.a in Frameworks */ = {isa = PBXBuildFile; fileRef = 37450F446EB0401CADA07D5F /* libPods.a */; };
		820176FF18134C980041E4E9 /* RDSGroup.m in Sources */ = {isa = PBXBuildFile; fileRef = 820176FE18134C980041E4E9 /* RDSGroup.m */; };
		823B05EF183919AB00463BFD /* Main.storyboard in Resources */ = {isa = PBXBuildFile; fileRef = 823B05EE183919AB00463BFD /* Main.storyboard */; };
		823B05F61839243100463BFD /* RedisViewController.m in Sources */ = {isa = PBXBuildFile; fileRef = 823B05F51839243100463BFD /* RedisViewController.m */; };
		826579631812959B00A17F63 /* Foundation.framework in Frameworks */ = {isa = PBXBuildFile; fileRef = 826579621812959B00A17F63 /* Foundation.framework */; };
		826579651812959B00A17F63 /* CoreGraphics.framework in Frameworks */ = {isa = PBXBuildFile; fileRef = 826579641812959B00A17F63 /* CoreGraphics.framework */; };
		826579671812959B00A17F63 /* UIKit.framework in Frameworks */ = {isa = PBXBuildFile; fileRef = 826579661812959B00A17F63 /* UIKit.framework */; };
		8265796D1812959B00A17F63 /* InfoPlist.strings in Resources */ = {isa = PBXBuildFile; fileRef = 8265796B1812959B00A17F63 /* InfoPlist.strings */; };
		8265796F1812959B00A17F63 /* main.m in Sources */ = {isa = PBXBuildFile; fileRef = 8265796E1812959B00A17F63 /* main.m */; };
		826579731812959B00A17F63 /* AppDelegate.m in Sources */ = {isa = PBXBuildFile; fileRef = 826579721812959B00A17F63 /* AppDelegate.m */; };
		826579751812959B00A17F63 /* Images.xcassets in Resources */ = {isa = PBXBuildFile; fileRef = 826579741812959B00A17F63 /* Images.xcassets */; };
		8265797C1812959B00A17F63 /* XCTest.framework in Frameworks */ = {isa = PBXBuildFile; fileRef = 8265797B1812959B00A17F63 /* XCTest.framework */; };
		8265797D1812959B00A17F63 /* Foundation.framework in Frameworks */ = {isa = PBXBuildFile; fileRef = 826579621812959B00A17F63 /* Foundation.framework */; };
		8265797E1812959B00A17F63 /* UIKit.framework in Frameworks */ = {isa = PBXBuildFile; fileRef = 826579661812959B00A17F63 /* UIKit.framework */; };
		826579861812959C00A17F63 /* InfoPlist.strings in Resources */ = {isa = PBXBuildFile; fileRef = 826579841812959C00A17F63 /* InfoPlist.strings */; };
		826579881812959C00A17F63 /* SnippetsTests.m in Sources */ = {isa = PBXBuildFile; fileRef = 826579871812959C00A17F63 /* SnippetsTests.m */; };
		826579D31812AAB900A17F63 /* libvedis.a in Frameworks */ = {isa = PBXBuildFile; fileRef = 826579D21812AAB900A17F63 /* libvedis.a */; };
		826579DA1812B57100A17F63 /* Redis.m in Sources */ = {isa = PBXBuildFile; fileRef = 826579D91812B57100A17F63 /* Redis.m */; };
		826579DD1812B72200A17F63 /* NSError+Redis.m in Sources */ = {isa = PBXBuildFile; fileRef = 826579DC1812B72200A17F63 /* NSError+Redis.m */; };
		827C504518393D0A00703460 /* RDSCommandCell.m in Sources */ = {isa = PBXBuildFile; fileRef = 827C504418393D0A00703460 /* RDSCommandCell.m */; };
		827C504818396A9200703460 /* RDSNameLabel.m in Sources */ = {isa = PBXBuildFile; fileRef = 827C504718396A9200703460 /* RDSNameLabel.m */; };
		827C504B18396B1A00703460 /* RDSSummaryLabel.m in Sources */ = {isa = PBXBuildFile; fileRef = 827C504A18396B1A00703460 /* RDSSummaryLabel.m */; };
		827C5051183978B000703460 /* fonts in Resources */ = {isa = PBXBuildFile; fileRef = 827C5050183978B000703460 /* fonts */; };
		82B420CD182429A1002236BE /* redis-doc.html in Resources */ = {isa = PBXBuildFile; fileRef = 82B420CC182429A1002236BE /* redis-doc.html */; };
		82B420D118245D72002236BE /* WNCDatabase+Redis.m in Sources */ = {isa = PBXBuildFile; fileRef = 82B420D018245D72002236BE /* WNCDatabase+Redis.m */; };
		82C46F4018132E2100E3E5E6 /* Winch.framework in Frameworks */ = {isa = PBXBuildFile; fileRef = 82C46F3F18132E2100E3E5E6 /* Winch.framework */; };
		82C46F441813311100E3E5E6 /* RDSCommand.m in Sources */ = {isa = PBXBuildFile; fileRef = 82C46F431813311100E3E5E6 /* RDSCommand.m */; };
		B0880308181359F700D102C4 /* CommandViewController.m in Sources */ = {isa = PBXBuildFile; fileRef = B0880307181359F700D102C4 /* CommandViewController.m */; };
		B0880313181364C800D102C4 /* ConsoleViewController.m in Sources */ = {isa = PBXBuildFile; fileRef = B0880312181364C800D102C4 /* ConsoleViewController.m */; };
		B08803191813694D00D102C4 /* TextFieldConsole.m in Sources */ = {isa = PBXBuildFile; fileRef = B08803181813694D00D102C4 /* TextFieldConsole.m */; };
		B0C77E2E1813D2B100801F34 /* redis-cli.html in Resources */ = {isa = PBXBuildFile; fileRef = B0C77E2D1813D2B100801F34 /* redis-cli.html */; };
		B0DDA73E18129A9000E015C0 /* LNViewController.m in Sources */ = {isa = PBXBuildFile; fileRef = B0DDA73D18129A9000E015C0 /* LNViewController.m */; };
		B0DDA74118129AED00E015C0 /* BoardingViewController.m in Sources */ = {isa = PBXBuildFile; fileRef = B0DDA74018129AED00E015C0 /* BoardingViewController.m */; };
		B0DDA74418129C8E00E015C0 /* MainViewController.m in Sources */ = {isa = PBXBuildFile; fileRef = B0DDA74318129C8E00E015C0 /* MainViewController.m */; };
		B0DDA74C18129CFA00E015C0 /* UIColor+Hex.m in Sources */ = {isa = PBXBuildFile; fileRef = B0DDA74718129CFA00E015C0 /* UIColor+Hex.m */; };
		B0DDA74D18129CFA00E015C0 /* UINavigationController+StatusBar.m in Sources */ = {isa = PBXBuildFile; fileRef = B0DDA74918129CFA00E015C0 /* UINavigationController+StatusBar.m */; };
		B0DDA74E18129CFA00E015C0 /* UIView+Position.m in Sources */ = {isa = PBXBuildFile; fileRef = B0DDA74B18129CFA00E015C0 /* UIView+Position.m */; };
/* End PBXBuildFile section */

/* Begin PBXContainerItemProxy section */
		8265797F1812959C00A17F63 /* PBXContainerItemProxy */ = {
			isa = PBXContainerItemProxy;
			containerPortal = 826579571812959B00A17F63 /* Project object */;
			proxyType = 1;
			remoteGlobalIDString = 8265795E1812959B00A17F63;
			remoteInfo = Snippets;
		};
/* End PBXContainerItemProxy section */

/* Begin PBXFileReference section */
		37450F446EB0401CADA07D5F /* libPods.a */ = {isa = PBXFileReference; explicitFileType = archive.ar; includeInIndex = 0; path = libPods.a; sourceTree = BUILT_PRODUCTS_DIR; };
		651242B8D3EF4CB9ACACB863 /* Pods.xcconfig */ = {isa = PBXFileReference; includeInIndex = 1; lastKnownFileType = text.xcconfig; name = Pods.xcconfig; path = Pods/Pods.xcconfig; sourceTree = "<group>"; };
		820176FD18134C980041E4E9 /* RDSGroup.h */ = {isa = PBXFileReference; fileEncoding = 4; lastKnownFileType = sourcecode.c.h; path = RDSGroup.h; sourceTree = "<group>"; };
		820176FE18134C980041E4E9 /* RDSGroup.m */ = {isa = PBXFileReference; fileEncoding = 4; lastKnownFileType = sourcecode.c.objc; path = RDSGroup.m; sourceTree = "<group>"; };
		823B05EE183919AB00463BFD /* Main.storyboard */ = {isa = PBXFileReference; fileEncoding = 4; lastKnownFileType = file.storyboard; path = Main.storyboard; sourceTree = "<group>"; };
		823B05F41839243100463BFD /* RedisViewController.h */ = {isa = PBXFileReference; fileEncoding = 4; lastKnownFileType = sourcecode.c.h; path = RedisViewController.h; sourceTree = "<group>"; };
		823B05F51839243100463BFD /* RedisViewController.m */ = {isa = PBXFileReference; fileEncoding = 4; lastKnownFileType = sourcecode.c.objc; path = RedisViewController.m; sourceTree = "<group>"; };
		8265795F1812959B00A17F63 /* Snippets.app */ = {isa = PBXFileReference; explicitFileType = wrapper.application; includeInIndex = 0; path = Snippets.app; sourceTree = BUILT_PRODUCTS_DIR; };
		826579621812959B00A17F63 /* Foundation.framework */ = {isa = PBXFileReference; lastKnownFileType = wrapper.framework; name = Foundation.framework; path = System/Library/Frameworks/Foundation.framework; sourceTree = SDKROOT; };
		826579641812959B00A17F63 /* CoreGraphics.framework */ = {isa = PBXFileReference; lastKnownFileType = wrapper.framework; name = CoreGraphics.framework; path = System/Library/Frameworks/CoreGraphics.framework; sourceTree = SDKROOT; };
		826579661812959B00A17F63 /* UIKit.framework */ = {isa = PBXFileReference; lastKnownFileType = wrapper.framework; name = UIKit.framework; path = System/Library/Frameworks/UIKit.framework; sourceTree = SDKROOT; };
		8265796A1812959B00A17F63 /* Snippets-Info.plist */ = {isa = PBXFileReference; lastKnownFileType = text.plist.xml; path = "Snippets-Info.plist"; sourceTree = "<group>"; };
		8265796C1812959B00A17F63 /* en */ = {isa = PBXFileReference; lastKnownFileType = text.plist.strings; name = en; path = en.lproj/InfoPlist.strings; sourceTree = "<group>"; };
		8265796E1812959B00A17F63 /* main.m */ = {isa = PBXFileReference; lastKnownFileType = sourcecode.c.objc; path = main.m; sourceTree = "<group>"; };
		826579701812959B00A17F63 /* Snippets-Prefix.pch */ = {isa = PBXFileReference; lastKnownFileType = sourcecode.c.h; path = "Snippets-Prefix.pch"; sourceTree = "<group>"; };
		826579711812959B00A17F63 /* AppDelegate.h */ = {isa = PBXFileReference; lastKnownFileType = sourcecode.c.h; path = AppDelegate.h; sourceTree = "<group>"; };
		826579721812959B00A17F63 /* AppDelegate.m */ = {isa = PBXFileReference; lastKnownFileType = sourcecode.c.objc; path = AppDelegate.m; sourceTree = "<group>"; };
		826579741812959B00A17F63 /* Images.xcassets */ = {isa = PBXFileReference; lastKnownFileType = folder.assetcatalog; path = Images.xcassets; sourceTree = "<group>"; };
		8265797A1812959B00A17F63 /* SnippetsTests.xctest */ = {isa = PBXFileReference; explicitFileType = wrapper.cfbundle; includeInIndex = 0; path = SnippetsTests.xctest; sourceTree = BUILT_PRODUCTS_DIR; };
		8265797B1812959B00A17F63 /* XCTest.framework */ = {isa = PBXFileReference; lastKnownFileType = wrapper.framework; name = XCTest.framework; path = Library/Frameworks/XCTest.framework; sourceTree = DEVELOPER_DIR; };
		826579831812959C00A17F63 /* SnippetsTests-Info.plist */ = {isa = PBXFileReference; lastKnownFileType = text.plist.xml; path = "SnippetsTests-Info.plist"; sourceTree = "<group>"; };
		826579851812959C00A17F63 /* en */ = {isa = PBXFileReference; lastKnownFileType = text.plist.strings; name = en; path = en.lproj/InfoPlist.strings; sourceTree = "<group>"; };
		826579871812959C00A17F63 /* SnippetsTests.m */ = {isa = PBXFileReference; lastKnownFileType = sourcecode.c.objc; path = SnippetsTests.m; sourceTree = "<group>"; };
		826579D11812AA9E00A17F63 /* vedis.h */ = {isa = PBXFileReference; fileEncoding = 4; lastKnownFileType = sourcecode.c.h; name = vedis.h; path = ../../../engine/vedis.h; sourceTree = "<group>"; };
		826579D21812AAB900A17F63 /* libvedis.a */ = {isa = PBXFileReference; lastKnownFileType = archive.ar; name = libvedis.a; path = "../../../engine/build-ios-fat/libvedis.a"; sourceTree = "<group>"; };
		826579D81812B57100A17F63 /* Redis.h */ = {isa = PBXFileReference; fileEncoding = 4; lastKnownFileType = sourcecode.c.h; path = Redis.h; sourceTree = "<group>"; };
		826579D91812B57100A17F63 /* Redis.m */ = {isa = PBXFileReference; fileEncoding = 4; lastKnownFileType = sourcecode.c.objc; path = Redis.m; sourceTree = "<group>"; };
		826579DB1812B72200A17F63 /* NSError+Redis.h */ = {isa = PBXFileReference; fileEncoding = 4; lastKnownFileType = sourcecode.c.h; path = "NSError+Redis.h"; sourceTree = "<group>"; };
		826579DC1812B72200A17F63 /* NSError+Redis.m */ = {isa = PBXFileReference; fileEncoding = 4; lastKnownFileType = sourcecode.c.objc; path = "NSError+Redis.m"; sourceTree = "<group>"; };
		827C504318393D0A00703460 /* RDSCommandCell.h */ = {isa = PBXFileReference; fileEncoding = 4; lastKnownFileType = sourcecode.c.h; path = RDSCommandCell.h; sourceTree = "<group>"; };
		827C504418393D0A00703460 /* RDSCommandCell.m */ = {isa = PBXFileReference; fileEncoding = 4; lastKnownFileType = sourcecode.c.objc; path = RDSCommandCell.m; sourceTree = "<group>"; };
		827C504618396A9200703460 /* RDSNameLabel.h */ = {isa = PBXFileReference; fileEncoding = 4; lastKnownFileType = sourcecode.c.h; path = RDSNameLabel.h; sourceTree = "<group>"; };
		827C504718396A9200703460 /* RDSNameLabel.m */ = {isa = PBXFileReference; fileEncoding = 4; lastKnownFileType = sourcecode.c.objc; path = RDSNameLabel.m; sourceTree = "<group>"; };
		827C504918396B1A00703460 /* RDSSummaryLabel.h */ = {isa = PBXFileReference; fileEncoding = 4; lastKnownFileType = sourcecode.c.h; path = RDSSummaryLabel.h; sourceTree = "<group>"; };
		827C504A18396B1A00703460 /* RDSSummaryLabel.m */ = {isa = PBXFileReference; fileEncoding = 4; lastKnownFileType = sourcecode.c.objc; path = RDSSummaryLabel.m; sourceTree = "<group>"; };
		827C5050183978B000703460 /* fonts */ = {isa = PBXFileReference; lastKnownFileType = folder; path = fonts; sourceTree = "<group>"; };
		82B420CC182429A1002236BE /* redis-doc.html */ = {isa = PBXFileReference; fileEncoding = 4; lastKnownFileType = text.html; path = "redis-doc.html"; sourceTree = "<group>"; };
		82B420CF18245D72002236BE /* WNCDatabase+Redis.h */ = {isa = PBXFileReference; fileEncoding = 4; lastKnownFileType = sourcecode.c.h; path = "WNCDatabase+Redis.h"; sourceTree = "<group>"; };
		82B420D018245D72002236BE /* WNCDatabase+Redis.m */ = {isa = PBXFileReference; fileEncoding = 4; lastKnownFileType = sourcecode.c.objc; path = "WNCDatabase+Redis.m"; sourceTree = "<group>"; };
		82B420D2182463CA002236BE /* WNCDebug.h */ = {isa = PBXFileReference; fileEncoding = 4; lastKnownFileType = sourcecode.c.h; path = WNCDebug.h; sourceTree = "<group>"; };
		82C46F3F18132E2100E3E5E6 /* Winch.framework */ = {isa = PBXFileReference; lastKnownFileType = wrapper.framework; path = Winch.framework; sourceTree = "<group>"; };
		82C46F421813311100E3E5E6 /* RDSCommand.h */ = {isa = PBXFileReference; fileEncoding = 4; lastKnownFileType = sourcecode.c.h; path = RDSCommand.h; sourceTree = "<group>"; };
		82C46F431813311100E3E5E6 /* RDSCommand.m */ = {isa = PBXFileReference; fileEncoding = 4; lastKnownFileType = sourcecode.c.objc; path = RDSCommand.m; sourceTree = "<group>"; };
		B0880306181359F700D102C4 /* CommandViewController.h */ = {isa = PBXFileReference; fileEncoding = 4; lastKnownFileType = sourcecode.c.h; name = CommandViewController.h; path = Controllers/CommandViewController.h; sourceTree = "<group>"; };
		B0880307181359F700D102C4 /* CommandViewController.m */ = {isa = PBXFileReference; fileEncoding = 4; lastKnownFileType = sourcecode.c.objc; name = CommandViewController.m; path = Controllers/CommandViewController.m; sourceTree = "<group>"; };
		B0880311181364C800D102C4 /* ConsoleViewController.h */ = {isa = PBXFileReference; fileEncoding = 4; lastKnownFileType = sourcecode.c.h; name = ConsoleViewController.h; path = Controllers/ConsoleViewController.h; sourceTree = "<group>"; };
		B0880312181364C800D102C4 /* ConsoleViewController.m */ = {isa = PBXFileReference; fileEncoding = 4; lastKnownFileType = sourcecode.c.objc; name = ConsoleViewController.m; path = Controllers/ConsoleViewController.m; sourceTree = "<group>"; };
		B08803171813694D00D102C4 /* TextFieldConsole.h */ = {isa = PBXFileReference; fileEncoding = 4; lastKnownFileType = sourcecode.c.h; name = TextFieldConsole.h; path = Views/TextFieldConsole.h; sourceTree = "<group>"; };
		B08803181813694D00D102C4 /* TextFieldConsole.m */ = {isa = PBXFileReference; fileEncoding = 4; lastKnownFileType = sourcecode.c.objc; name = TextFieldConsole.m; path = Views/TextFieldConsole.m; sourceTree = "<group>"; };
		B0C77E2D1813D2B100801F34 /* redis-cli.html */ = {isa = PBXFileReference; fileEncoding = 4; lastKnownFileType = text.html; path = "redis-cli.html"; sourceTree = "<group>"; };
		B0DDA73C18129A9000E015C0 /* LNViewController.h */ = {isa = PBXFileReference; fileEncoding = 4; lastKnownFileType = sourcecode.c.h; name = LNViewController.h; path = Components/LNViewController.h; sourceTree = "<group>"; };
		B0DDA73D18129A9000E015C0 /* LNViewController.m */ = {isa = PBXFileReference; fileEncoding = 4; lastKnownFileType = sourcecode.c.objc; name = LNViewController.m; path = Components/LNViewController.m; sourceTree = "<group>"; };
		B0DDA73F18129AED00E015C0 /* BoardingViewController.h */ = {isa = PBXFileReference; fileEncoding = 4; lastKnownFileType = sourcecode.c.h; name = BoardingViewController.h; path = Controllers/BoardingViewController.h; sourceTree = "<group>"; };
		B0DDA74018129AED00E015C0 /* BoardingViewController.m */ = {isa = PBXFileReference; fileEncoding = 4; lastKnownFileType = sourcecode.c.objc; name = BoardingViewController.m; path = Controllers/BoardingViewController.m; sourceTree = "<group>"; };
		B0DDA74218129C8E00E015C0 /* MainViewController.h */ = {isa = PBXFileReference; fileEncoding = 4; lastKnownFileType = sourcecode.c.h; name = MainViewController.h; path = Controllers/MainViewController.h; sourceTree = "<group>"; };
		B0DDA74318129C8E00E015C0 /* MainViewController.m */ = {isa = PBXFileReference; fileEncoding = 4; lastKnownFileType = sourcecode.c.objc; name = MainViewController.m; path = Controllers/MainViewController.m; sourceTree = "<group>"; };
		B0DDA74618129CFA00E015C0 /* UIColor+Hex.h */ = {isa = PBXFileReference; fileEncoding = 4; lastKnownFileType = sourcecode.c.h; path = "UIColor+Hex.h"; sourceTree = "<group>"; };
		B0DDA74718129CFA00E015C0 /* UIColor+Hex.m */ = {isa = PBXFileReference; fileEncoding = 4; lastKnownFileType = sourcecode.c.objc; path = "UIColor+Hex.m"; sourceTree = "<group>"; };
		B0DDA74818129CFA00E015C0 /* UINavigationController+StatusBar.h */ = {isa = PBXFileReference; fileEncoding = 4; lastKnownFileType = sourcecode.c.h; path = "UINavigationController+StatusBar.h"; sourceTree = "<group>"; };
		B0DDA74918129CFA00E015C0 /* UINavigationController+StatusBar.m */ = {isa = PBXFileReference; fileEncoding = 4; lastKnownFileType = sourcecode.c.objc; path = "UINavigationController+StatusBar.m"; sourceTree = "<group>"; };
		B0DDA74A18129CFA00E015C0 /* UIView+Position.h */ = {isa = PBXFileReference; fileEncoding = 4; lastKnownFileType = sourcecode.c.h; path = "UIView+Position.h"; sourceTree = "<group>"; };
		B0DDA74B18129CFA00E015C0 /* UIView+Position.m */ = {isa = PBXFileReference; fileEncoding = 4; lastKnownFileType = sourcecode.c.objc; path = "UIView+Position.m"; sourceTree = "<group>"; };
/* End PBXFileReference section */

/* Begin PBXFrameworksBuildPhase section */
		8265795C1812959B00A17F63 /* Frameworks */ = {
			isa = PBXFrameworksBuildPhase;
			buildActionMask = 2147483647;
			files = (
				82C46F4018132E2100E3E5E6 /* Winch.framework in Frameworks */,
				826579651812959B00A17F63 /* CoreGraphics.framework in Frameworks */,
				826579671812959B00A17F63 /* UIKit.framework in Frameworks */,
				826579631812959B00A17F63 /* Foundation.framework in Frameworks */,
				826579D31812AAB900A17F63 /* libvedis.a in Frameworks */,
				78725F2014C64450A936079C /* libPods.a in Frameworks */,
			);
			runOnlyForDeploymentPostprocessing = 0;
		};
		826579771812959B00A17F63 /* Frameworks */ = {
			isa = PBXFrameworksBuildPhase;
			buildActionMask = 2147483647;
			files = (
				8265797C1812959B00A17F63 /* XCTest.framework in Frameworks */,
				8265797E1812959B00A17F63 /* UIKit.framework in Frameworks */,
				8265797D1812959B00A17F63 /* Foundation.framework in Frameworks */,
			);
			runOnlyForDeploymentPostprocessing = 0;
		};
/* End PBXFrameworksBuildPhase section */

/* Begin PBXGroup section */
		826579561812959B00A17F63 = {
			isa = PBXGroup;
			children = (
				826579681812959B00A17F63 /* Snippets */,
				826579811812959C00A17F63 /* SnippetsTests */,
				826579611812959B00A17F63 /* Frameworks */,
				826579601812959B00A17F63 /* Products */,
				651242B8D3EF4CB9ACACB863 /* Pods.xcconfig */,
			);
			sourceTree = "<group>";
		};
		826579601812959B00A17F63 /* Products */ = {
			isa = PBXGroup;
			children = (
				8265795F1812959B00A17F63 /* Snippets.app */,
				8265797A1812959B00A17F63 /* SnippetsTests.xctest */,
			);
			name = Products;
			sourceTree = "<group>";
		};
		826579611812959B00A17F63 /* Frameworks */ = {
			isa = PBXGroup;
			children = (
				82C46F3F18132E2100E3E5E6 /* Winch.framework */,
				826579621812959B00A17F63 /* Foundation.framework */,
				826579641812959B00A17F63 /* CoreGraphics.framework */,
				826579661812959B00A17F63 /* UIKit.framework */,
				8265797B1812959B00A17F63 /* XCTest.framework */,
				37450F446EB0401CADA07D5F /* libPods.a */,
			);
			name = Frameworks;
			sourceTree = "<group>";
		};
		826579681812959B00A17F63 /* Snippets */ = {
			isa = PBXGroup;
			children = (
				826579D01812AA8300A17F63 /* vedis */,
				B0DDA73B181298F300E015C0 /* Components */,
				82C46F41181330F000E3E5E6 /* Models */,
				B0DDA738181298B400E015C0 /* Views */,
				B0DDA7371812982F00E015C0 /* Controllers */,
				82B420CE18245D17002236BE /* Winch+ */,
				826579711812959B00A17F63 /* AppDelegate.h */,
				826579721812959B00A17F63 /* AppDelegate.m */,
				823B05EE183919AB00463BFD /* Main.storyboard */,
				827C5050183978B000703460 /* fonts */,
				826579741812959B00A17F63 /* Images.xcassets */,
				826579691812959B00A17F63 /* Supporting Files */,
			);
			path = Snippets;
			sourceTree = "<group>";
		};
		826579691812959B00A17F63 /* Supporting Files */ = {
			isa = PBXGroup;
			children = (
				B0C77E2D1813D2B100801F34 /* redis-cli.html */,
				82B420CC182429A1002236BE /* redis-doc.html */,
				8265796A1812959B00A17F63 /* Snippets-Info.plist */,
				8265796B1812959B00A17F63 /* InfoPlist.strings */,
				8265796E1812959B00A17F63 /* main.m */,
				826579701812959B00A17F63 /* Snippets-Prefix.pch */,
			);
			name = "Supporting Files";
			sourceTree = "<group>";
		};
		826579811812959C00A17F63 /* SnippetsTests */ = {
			isa = PBXGroup;
			children = (
				826579871812959C00A17F63 /* SnippetsTests.m */,
				826579821812959C00A17F63 /* Supporting Files */,
			);
			path = SnippetsTests;
			sourceTree = "<group>";
		};
		826579821812959C00A17F63 /* Supporting Files */ = {
			isa = PBXGroup;
			children = (
				826579831812959C00A17F63 /* SnippetsTests-Info.plist */,
				826579841812959C00A17F63 /* InfoPlist.strings */,
			);
			name = "Supporting Files";
			sourceTree = "<group>";
		};
		826579D01812AA8300A17F63 /* vedis */ = {
			isa = PBXGroup;
			children = (
				826579D41812B4C400A17F63 /* Obj-C */,
				826579D11812AA9E00A17F63 /* vedis.h */,
				826579D21812AAB900A17F63 /* libvedis.a */,
			);
			name = vedis;
			sourceTree = "<group>";
		};
		826579D41812B4C400A17F63 /* Obj-C */ = {
			isa = PBXGroup;
			children = (
				826579D81812B57100A17F63 /* Redis.h */,
				826579D91812B57100A17F63 /* Redis.m */,
				826579DB1812B72200A17F63 /* NSError+Redis.h */,
				826579DC1812B72200A17F63 /* NSError+Redis.m */,
			);
			name = "Obj-C";
			sourceTree = "<group>";
		};
		827C504C183977F400703460 /* legacy */ = {
			isa = PBXGroup;
			children = (
				B0DDA73C18129A9000E015C0 /* LNViewController.h */,
				B0DDA73D18129A9000E015C0 /* LNViewController.m */,
				B0DDA73F18129AED00E015C0 /* BoardingViewController.h */,
				B0DDA74018129AED00E015C0 /* BoardingViewController.m */,
				B0DDA74218129C8E00E015C0 /* MainViewController.h */,
				B0DDA74318129C8E00E015C0 /* MainViewController.m */,
				B0880306181359F700D102C4 /* CommandViewController.h */,
				B0880307181359F700D102C4 /* CommandViewController.m */,
				B0880311181364C800D102C4 /* ConsoleViewController.h */,
				B0880312181364C800D102C4 /* ConsoleViewController.m */,
			);
			name = legacy;
			sourceTree = "<group>";
		};
		827C504D1839781200703460 /* legacy */ = {
			isa = PBXGroup;
			children = (
				B08803171813694D00D102C4 /* TextFieldConsole.h */,
				B08803181813694D00D102C4 /* TextFieldConsole.m */,
			);
			name = legacy;
			sourceTree = "<group>";
		};
		827C504E1839782900703460 /* Cells */ = {
			isa = PBXGroup;
			children = (
				827C504318393D0A00703460 /* RDSCommandCell.h */,
				827C504418393D0A00703460 /* RDSCommandCell.m */,
			);
			name = Cells;
			sourceTree = "<group>";
		};
		827C504F1839783100703460 /* Labels */ = {
			isa = PBXGroup;
			children = (
				827C504618396A9200703460 /* RDSNameLabel.h */,
				827C504718396A9200703460 /* RDSNameLabel.m */,
				827C504918396B1A00703460 /* RDSSummaryLabel.h */,
				827C504A18396B1A00703460 /* RDSSummaryLabel.m */,
			);
			name = Labels;
			sourceTree = "<group>";
		};
		82B420CE18245D17002236BE /* Winch+ */ = {
			isa = PBXGroup;
			children = (
				82B420D2182463CA002236BE /* WNCDebug.h */,
				82B420CF18245D72002236BE /* WNCDatabase+Redis.h */,
				82B420D018245D72002236BE /* WNCDatabase+Redis.m */,
			);
			name = "Winch+";
			sourceTree = "<group>";
		};
		82C46F41181330F000E3E5E6 /* Models */ = {
			isa = PBXGroup;
			children = (
				82C46F421813311100E3E5E6 /* RDSCommand.h */,
				82C46F431813311100E3E5E6 /* RDSCommand.m */,
				820176FD18134C980041E4E9 /* RDSGroup.h */,
				820176FE18134C980041E4E9 /* RDSGroup.m */,
			);
			name = Models;
			sourceTree = "<group>";
		};
		B0DDA7371812982F00E015C0 /* Controllers */ = {
			isa = PBXGroup;
			children = (
				827C504C183977F400703460 /* legacy */,
				823B05F41839243100463BFD /* RedisViewController.h */,
				823B05F51839243100463BFD /* RedisViewController.m */,
			);
			name = Controllers;
			sourceTree = "<group>";
		};
		B0DDA738181298B400E015C0 /* Views */ = {
			isa = PBXGroup;
			children = (
				827C504D1839781200703460 /* legacy */,
				827C504E1839782900703460 /* Cells */,
				827C504F1839783100703460 /* Labels */,
			);
			name = Views;
			sourceTree = "<group>";
		};
		B0DDA73B181298F300E015C0 /* Components */ = {
			isa = PBXGroup;
			children = (
				B0DDA74518129CFA00E015C0 /* Category */,
			);
			name = Components;
			sourceTree = "<group>";
		};
		B0DDA74518129CFA00E015C0 /* Category */ = {
			isa = PBXGroup;
			children = (
				B0DDA74618129CFA00E015C0 /* UIColor+Hex.h */,
				B0DDA74718129CFA00E015C0 /* UIColor+Hex.m */,
				B0DDA74818129CFA00E015C0 /* UINavigationController+StatusBar.h */,
				B0DDA74918129CFA00E015C0 /* UINavigationController+StatusBar.m */,
				B0DDA74A18129CFA00E015C0 /* UIView+Position.h */,
				B0DDA74B18129CFA00E015C0 /* UIView+Position.m */,
			);
			name = Category;
			path = Components/Category;
			sourceTree = "<group>";
		};
/* End PBXGroup section */

/* Begin PBXNativeTarget section */
		8265795E1812959B00A17F63 /* Snippets */ = {
			isa = PBXNativeTarget;
			buildConfigurationList = 8265798B1812959C00A17F63 /* Build configuration list for PBXNativeTarget "Snippets" */;
			buildPhases = (
				832D6915EF2E4E30AB121F3D /* Check Pods Manifest.lock */,
				8265795B1812959B00A17F63 /* Sources */,
				8265795C1812959B00A17F63 /* Frameworks */,
				8265795D1812959B00A17F63 /* Resources */,
				0B83B07EE0C44207B498BCFB /* Copy Pods Resources */,
			);
			buildRules = (
			);
			dependencies = (
			);
			name = Snippets;
			productName = Snippets;
			productReference = 8265795F1812959B00A17F63 /* Snippets.app */;
			productType = "com.apple.product-type.application";
		};
		826579791812959B00A17F63 /* SnippetsTests */ = {
			isa = PBXNativeTarget;
			buildConfigurationList = 8265798E1812959C00A17F63 /* Build configuration list for PBXNativeTarget "SnippetsTests" */;
			buildPhases = (
				826579761812959B00A17F63 /* Sources */,
				826579771812959B00A17F63 /* Frameworks */,
				826579781812959B00A17F63 /* Resources */,
			);
			buildRules = (
			);
			dependencies = (
				826579801812959C00A17F63 /* PBXTargetDependency */,
			);
			name = SnippetsTests;
			productName = SnippetsTests;
			productReference = 8265797A1812959B00A17F63 /* SnippetsTests.xctest */;
			productType = "com.apple.product-type.bundle.unit-test";
		};
/* End PBXNativeTarget section */

/* Begin PBXProject section */
		826579571812959B00A17F63 /* Project object */ = {
			isa = PBXProject;
			attributes = {
				CLASSPREFIX = LN;
				LastUpgradeCheck = 0500;
				ORGANIZATIONNAME = Snippets;
				TargetAttributes = {
					826579791812959B00A17F63 = {
						TestTargetID = 8265795E1812959B00A17F63;
					};
				};
			};
			buildConfigurationList = 8265795A1812959B00A17F63 /* Build configuration list for PBXProject "Snippets" */;
			compatibilityVersion = "Xcode 3.2";
			developmentRegion = English;
			hasScannedForEncodings = 0;
			knownRegions = (
				en,
			);
			mainGroup = 826579561812959B00A17F63;
			productRefGroup = 826579601812959B00A17F63 /* Products */;
			projectDirPath = "";
			projectRoot = "";
			targets = (
				8265795E1812959B00A17F63 /* Snippets */,
				826579791812959B00A17F63 /* SnippetsTests */,
			);
		};
/* End PBXProject section */

/* Begin PBXResourcesBuildPhase section */
		8265795D1812959B00A17F63 /* Resources */ = {
			isa = PBXResourcesBuildPhase;
			buildActionMask = 2147483647;
			files = (
				8265796D1812959B00A17F63 /* InfoPlist.strings in Resources */,
				B0C77E2E1813D2B100801F34 /* redis-cli.html in Resources */,
				82B420CD182429A1002236BE /* redis-doc.html in Resources */,
				827C5051183978B000703460 /* fonts in Resources */,
				826579751812959B00A17F63 /* Images.xcassets in Resources */,
				823B05EF183919AB00463BFD /* Main.storyboard in Resources */,
			);
			runOnlyForDeploymentPostprocessing = 0;
		};
		826579781812959B00A17F63 /* Resources */ = {
			isa = PBXResourcesBuildPhase;
			buildActionMask = 2147483647;
			files = (
				826579861812959C00A17F63 /* InfoPlist.strings in Resources */,
			);
			runOnlyForDeploymentPostprocessing = 0;
		};
/* End PBXResourcesBuildPhase section */

/* Begin PBXShellScriptBuildPhase section */
		0B83B07EE0C44207B498BCFB /* Copy Pods Resources */ = {
			isa = PBXShellScriptBuildPhase;
			buildActionMask = 2147483647;
			files = (
			);
			inputPaths = (
			);
			name = "Copy Pods Resources";
			outputPaths = (
			);
			runOnlyForDeploymentPostprocessing = 0;
			shellPath = /bin/sh;
			shellScript = "\"${SRCROOT}/Pods/Pods-resources.sh\"\n";
			showEnvVarsInLog = 0;
		};
		832D6915EF2E4E30AB121F3D /* Check Pods Manifest.lock */ = {
			isa = PBXShellScriptBuildPhase;
			buildActionMask = 2147483647;
			files = (
			);
			inputPaths = (
			);
			name = "Check Pods Manifest.lock";
			outputPaths = (
			);
			runOnlyForDeploymentPostprocessing = 0;
			shellPath = /bin/sh;
			shellScript = "diff \"${PODS_ROOT}/../Podfile.lock\" \"${PODS_ROOT}/Manifest.lock\" > /dev/null\nif [[ $? != 0 ]] ; then\n    cat << EOM\nerror: The sandbox is not in sync with the Podfile.lock. Run 'pod install' or update your CocoaPods installation.\nEOM\n    exit 1\nfi\n";
			showEnvVarsInLog = 0;
		};
/* End PBXShellScriptBuildPhase section */

/* Begin PBXSourcesBuildPhase section */
		8265795B1812959B00A17F63 /* Sources */ = {
			isa = PBXSourcesBuildPhase;
			buildActionMask = 2147483647;
			files = (
				B0DDA74118129AED00E015C0 /* BoardingViewController.m in Sources */,
				B0DDA74C18129CFA00E015C0 /* UIColor+Hex.m in Sources */,
				B08803191813694D00D102C4 /* TextFieldConsole.m in Sources */,
				827C504518393D0A00703460 /* RDSCommandCell.m in Sources */,
				B0880313181364C800D102C4 /* ConsoleViewController.m in Sources */,
				82C46F441813311100E3E5E6 /* RDSCommand.m in Sources */,
				B0880308181359F700D102C4 /* CommandViewController.m in Sources */,
				827C504818396A9200703460 /* RDSNameLabel.m in Sources */,
				826579731812959B00A17F63 /* AppDelegate.m in Sources */,
				826579DA1812B57100A17F63 /* Redis.m in Sources */,
				8265796F1812959B00A17F63 /* main.m in Sources */,
				B0DDA74418129C8E00E015C0 /* MainViewController.m in Sources */,
				823B05F61839243100463BFD /* RedisViewController.m in Sources */,
				B0DDA74E18129CFA00E015C0 /* UIView+Position.m in Sources */,
				826579DD1812B72200A17F63 /* NSError+Redis.m in Sources */,
				820176FF18134C980041E4E9 /* RDSGroup.m in Sources */,
				82B420D118245D72002236BE /* WNCDatabase+Redis.m in Sources */,
				B0DDA73E18129A9000E015C0 /* LNViewController.m in Sources */,
				B0DDA74D18129CFA00E015C0 /* UINavigationController+StatusBar.m in Sources */,
				827C504B18396B1A00703460 /* RDSSummaryLabel.m in Sources */,
			);
			runOnlyForDeploymentPostprocessing = 0;
		};
		826579761812959B00A17F63 /* Sources */ = {
			isa = PBXSourcesBuildPhase;
			buildActionMask = 2147483647;
			files = (
				826579881812959C00A17F63 /* SnippetsTests.m in Sources */,
			);
			runOnlyForDeploymentPostprocessing = 0;
		};
/* End PBXSourcesBuildPhase section */

/* Begin PBXTargetDependency section */
		826579801812959C00A17F63 /* PBXTargetDependency */ = {
			isa = PBXTargetDependency;
			target = 8265795E1812959B00A17F63 /* Snippets */;
			targetProxy = 8265797F1812959C00A17F63 /* PBXContainerItemProxy */;
		};
/* End PBXTargetDependency section */

/* Begin PBXVariantGroup section */
		8265796B1812959B00A17F63 /* InfoPlist.strings */ = {
			isa = PBXVariantGroup;
			children = (
				8265796C1812959B00A17F63 /* en */,
			);
			name = InfoPlist.strings;
			sourceTree = "<group>";
		};
		826579841812959C00A17F63 /* InfoPlist.strings */ = {
			isa = PBXVariantGroup;
			children = (
				826579851812959C00A17F63 /* en */,
			);
			name = InfoPlist.strings;
			sourceTree = "<group>";
		};
/* End PBXVariantGroup section */

/* Begin XCBuildConfiguration section */
		826579891812959C00A17F63 /* Debug */ = {
			isa = XCBuildConfiguration;
			buildSettings = {
				ALWAYS_SEARCH_USER_PATHS = NO;
				ARCHS = "$(ARCHS_STANDARD_INCLUDING_64_BIT)";
				CLANG_CXX_LANGUAGE_STANDARD = "gnu++0x";
				CLANG_CXX_LIBRARY = "libc++";
				CLANG_ENABLE_MODULES = YES;
				CLANG_ENABLE_OBJC_ARC = YES;
				CLANG_WARN_BOOL_CONVERSION = YES;
				CLANG_WARN_CONSTANT_CONVERSION = YES;
				CLANG_WARN_DIRECT_OBJC_ISA_USAGE = YES_ERROR;
				CLANG_WARN_EMPTY_BODY = YES;
				CLANG_WARN_ENUM_CONVERSION = YES;
				CLANG_WARN_INT_CONVERSION = YES;
				CLANG_WARN_OBJC_ROOT_CLASS = YES_ERROR;
				CLANG_WARN__DUPLICATE_METHOD_MATCH = YES;
				"CODE_SIGN_IDENTITY[sdk=iphoneos*]" = "iPhone Developer";
				COPY_PHASE_STRIP = NO;
				GCC_C_LANGUAGE_STANDARD = gnu99;
				GCC_DYNAMIC_NO_PIC = NO;
				GCC_OPTIMIZATION_LEVEL = 0;
				GCC_PREPROCESSOR_DEFINITIONS = (
					"DEBUG=1",
					"$(inherited)",
				);
				GCC_SYMBOLS_PRIVATE_EXTERN = NO;
				GCC_WARN_64_TO_32_BIT_CONVERSION = YES;
				GCC_WARN_ABOUT_RETURN_TYPE = YES_ERROR;
				GCC_WARN_UNDECLARED_SELECTOR = YES;
				GCC_WARN_UNINITIALIZED_AUTOS = YES;
				GCC_WARN_UNUSED_FUNCTION = YES;
				GCC_WARN_UNUSED_VARIABLE = YES;
				IPHONEOS_DEPLOYMENT_TARGET = 7.0;
				ONLY_ACTIVE_ARCH = YES;
				SDKROOT = iphoneos;
			};
			name = Debug;
		};
		8265798A1812959C00A17F63 /* Release */ = {
			isa = XCBuildConfiguration;
			buildSettings = {
				ALWAYS_SEARCH_USER_PATHS = NO;
				ARCHS = "$(ARCHS_STANDARD_INCLUDING_64_BIT)";
				CLANG_CXX_LANGUAGE_STANDARD = "gnu++0x";
				CLANG_CXX_LIBRARY = "libc++";
				CLANG_ENABLE_MODULES = YES;
				CLANG_ENABLE_OBJC_ARC = YES;
				CLANG_WARN_BOOL_CONVERSION = YES;
				CLANG_WARN_CONSTANT_CONVERSION = YES;
				CLANG_WARN_DIRECT_OBJC_ISA_USAGE = YES_ERROR;
				CLANG_WARN_EMPTY_BODY = YES;
				CLANG_WARN_ENUM_CONVERSION = YES;
				CLANG_WARN_INT_CONVERSION = YES;
				CLANG_WARN_OBJC_ROOT_CLASS = YES_ERROR;
				CLANG_WARN__DUPLICATE_METHOD_MATCH = YES;
				"CODE_SIGN_IDENTITY[sdk=iphoneos*]" = "iPhone Developer";
				COPY_PHASE_STRIP = YES;
				ENABLE_NS_ASSERTIONS = NO;
				GCC_C_LANGUAGE_STANDARD = gnu99;
				GCC_WARN_64_TO_32_BIT_CONVERSION = YES;
				GCC_WARN_ABOUT_RETURN_TYPE = YES_ERROR;
				GCC_WARN_UNDECLARED_SELECTOR = YES;
				GCC_WARN_UNINITIALIZED_AUTOS = YES;
				GCC_WARN_UNUSED_FUNCTION = YES;
				GCC_WARN_UNUSED_VARIABLE = YES;
				IPHONEOS_DEPLOYMENT_TARGET = 7.0;
				SDKROOT = iphoneos;
				VALIDATE_PRODUCT = YES;
			};
			name = Release;
		};
		8265798C1812959C00A17F63 /* Debug */ = {
			isa = XCBuildConfiguration;
			baseConfigurationReference = 651242B8D3EF4CB9ACACB863 /* Pods.xcconfig */;
			buildSettings = {
				ASSETCATALOG_COMPILER_APPICON_NAME = AppIcon;
				ASSETCATALOG_COMPILER_LAUNCHIMAGE_NAME = LaunchImage;
				FRAMEWORK_SEARCH_PATHS = (
					"$(inherited)",
					.,
				);
				GCC_PRECOMPILE_PREFIX_HEADER = YES;
				GCC_PREFIX_HEADER = "Snippets/Snippets-Prefix.pch";
				INFOPLIST_FILE = "Snippets/Snippets-Info.plist";
				LIBRARY_SEARCH_PATHS = (
					"$(inherited)",
					"../../engine/build-ios-fat",
				);
				PRODUCT_NAME = Snippets;
				WRAPPER_EXTENSION = app;
			};
			name = Debug;
		};
		8265798D1812959C00A17F63 /* Release */ = {
			isa = XCBuildConfiguration;
			baseConfigurationReference = 651242B8D3EF4CB9ACACB863 /* Pods.xcconfig */;
			buildSettings = {
				ASSETCATALOG_COMPILER_APPICON_NAME = AppIcon;
				ASSETCATALOG_COMPILER_LAUNCHIMAGE_NAME = LaunchImage;
				FRAMEWORK_SEARCH_PATHS = (
					"$(inherited)",
					.,
				);
				GCC_PRECOMPILE_PREFIX_HEADER = YES;
				GCC_PREFIX_HEADER = "Snippets/Snippets-Prefix.pch";
				INFOPLIST_FILE = "Snippets/Snippets-Info.plist";
				LIBRARY_SEARCH_PATHS = (
					"$(inherited)",
					"../../engine/build-ios-fat",
				);
				PRODUCT_NAME = Snippets;
				WRAPPER_EXTENSION = app;
			};
			name = Release;
		};
		8265798F1812959C00A17F63 /* Debug */ = {
			isa = XCBuildConfiguration;
			buildSettings = {
				ARCHS = "$(ARCHS_STANDARD_INCLUDING_64_BIT)";
				BUNDLE_LOADER = "$(BUILT_PRODUCTS_DIR)/Snippets.app/Snippets";
				FRAMEWORK_SEARCH_PATHS = (
					"$(SDKROOT)/Developer/Library/Frameworks",
					"$(inherited)",
					"$(DEVELOPER_FRAMEWORKS_DIR)",
				);
				GCC_PRECOMPILE_PREFIX_HEADER = YES;
				GCC_PREFIX_HEADER = "Snippets/Snippets-Prefix.pch";
				GCC_PREPROCESSOR_DEFINITIONS = (
					"DEBUG=1",
					"$(inherited)",
				);
				INFOPLIST_FILE = "SnippetsTests/SnippetsTests-Info.plist";
				PRODUCT_NAME = SnippetsTests;
				TEST_HOST = "$(BUNDLE_LOADER)";
				WRAPPER_EXTENSION = xctest;
			};
			name = Debug;
		};
		826579901812959C00A17F63 /* Release */ = {
			isa = XCBuildConfiguration;
			buildSettings = {
				ARCHS = "$(ARCHS_STANDARD_INCLUDING_64_BIT)";
				BUNDLE_LOADER = "$(BUILT_PRODUCTS_DIR)/Snippets.app/Snippets";
				FRAMEWORK_SEARCH_PATHS = (
					"$(SDKROOT)/Developer/Library/Frameworks",
					"$(inherited)",
					"$(DEVELOPER_FRAMEWORKS_DIR)",
				);
				GCC_PRECOMPILE_PREFIX_HEADER = YES;
				GCC_PREFIX_HEADER = "Snippets/Snippets-Prefix.pch";
				INFOPLIST_FILE = "SnippetsTests/SnippetsTests-Info.plist";
				PRODUCT_NAME = SnippetsTests;
				TEST_HOST = "$(BUNDLE_LOADER)";
				WRAPPER_EXTENSION = xctest;
			};
			name = Release;
		};
/* End XCBuildConfiguration section */

/* Begin XCConfigurationList section */
		8265795A1812959B00A17F63 /* Build configuration list for PBXProject "Snippets" */ = {
			isa = XCConfigurationList;
			buildConfigurations = (
				826579891812959C00A17F63 /* Debug */,
				8265798A1812959C00A17F63 /* Release */,
			);
			defaultConfigurationIsVisible = 0;
			defaultConfigurationName = Release;
		};
		8265798B1812959C00A17F63 /* Build configuration list for PBXNativeTarget "Snippets" */ = {
			isa = XCConfigurationList;
			buildConfigurations = (
				8265798C1812959C00A17F63 /* Debug */,
				8265798D1812959C00A17F63 /* Release */,
			);
			defaultConfigurationIsVisible = 0;
			defaultConfigurationName = Release;
		};
		8265798E1812959C00A17F63 /* Build configuration list for PBXNativeTarget "SnippetsTests" */ = {
			isa = XCConfigurationList;
			buildConfigurations = (
				8265798F1812959C00A17F63 /* Debug */,
				826579901812959C00A17F63 /* Release */,
			);
			defaultConfigurationIsVisible = 0;
			defaultConfigurationName = Release;
		};
/* End XCConfigurationList section */
	};
	rootObject = 826579571812959B00A17F63 /* Project object */;
}
