// !$*UTF8*$!
{
	archiveVersion = 1;
	classes = {
	};
	objectVersion = 46;
	objects = {

/* Begin PBXBuildFile section */
		1A37A8051858741400A36954 /* Topic.m in Sources */ = {isa = PBXBuildFile; fileRef = 1A37A8041858741400A36954 /* Topic.m */; };
		1A5AA0181857D542007635F5 /* UIButton+Snippets.m in Sources */ = {isa = PBXBuildFile; fileRef = 1A5AA0171857D542007635F5 /* UIButton+Snippets.m */; };
		1A9F6C081855DEA600E89A80 /* ConsoleViewController.m in Sources */ = {isa = PBXBuildFile; fileRef = 1A9F6C071855DEA600E89A80 /* ConsoleViewController.m */; };
		1A9F6C0B1855F7AB00E89A80 /* UITextField+Snippets.m in Sources */ = {isa = PBXBuildFile; fileRef = 1A9F6C0A1855F7AB00E89A80 /* UITextField+Snippets.m */; };
		1AB2485B185F3C9F00703674 /* UITableView+Snippets.m in Sources */ = {isa = PBXBuildFile; fileRef = 1AB2485A185F3C9F00703674 /* UITableView+Snippets.m */; };
		1AC3D05B184FD945009ED88D /* UILabel+Snippets.m in Sources */ = {isa = PBXBuildFile; fileRef = 1AC3D05A184FD945009ED88D /* UILabel+Snippets.m */; };
		1AC3D073184FDD8F009ED88D /* Command.m in Sources */ = {isa = PBXBuildFile; fileRef = 82C46F431813311100E3E5E6 /* Command.m */; };
		1AC583121855CB810016DEF6 /* CommandViewController.m in Sources */ = {isa = PBXBuildFile; fileRef = 1AC583111855CB810016DEF6 /* CommandViewController.m */; };
		1AC5DBDF1857705A00EAB17C /* TopicListViewController.m in Sources */ = {isa = PBXBuildFile; fileRef = 1AC5DBDE1857705A00EAB17C /* TopicListViewController.m */; };
		1AC5DBE21857733C00EAB17C /* TopicCell.m in Sources */ = {isa = PBXBuildFile; fileRef = 1AC5DBE11857733C00EAB17C /* TopicCell.m */; };
		1AC5DBE51857782600EAB17C /* UIBarButtonItem+Snippets.m in Sources */ = {isa = PBXBuildFile; fileRef = 1AC5DBE41857782600EAB17C /* UIBarButtonItem+Snippets.m */; };
		1AD4F7021851FF3E00659531 /* UIView+Snippets.m in Sources */ = {isa = PBXBuildFile; fileRef = 1AD4F7011851FF3E00659531 /* UIView+Snippets.m */; };
		78725F2014C64450A936079C /* libPods.a in Frameworks */ = {isa = PBXBuildFile; fileRef = 37450F446EB0401CADA07D5F /* libPods.a */; };
		820176FF18134C980041E4E9 /* Group.m in Sources */ = {isa = PBXBuildFile; fileRef = 820176FE18134C980041E4E9 /* Group.m */; };
		823B05EF183919AB00463BFD /* Main.storyboard in Resources */ = {isa = PBXBuildFile; fileRef = 823B05EE183919AB00463BFD /* Main.storyboard */; };
		823B05F61839243100463BFD /* TopicViewController.m in Sources */ = {isa = PBXBuildFile; fileRef = 823B05F51839243100463BFD /* TopicViewController.m */; };
		82519B2F1858D06E00684E21 /* libfakeredis.a in Frameworks */ = {isa = PBXBuildFile; fileRef = 82519B2D1858D06E00684E21 /* libfakeredis.a */; };
		82519B301858D06E00684E21 /* liblua.a in Frameworks */ = {isa = PBXBuildFile; fileRef = 82519B2E1858D06E00684E21 /* liblua.a */; };
		825505AE1858FA3800143C25 /* Winch.framework in Frameworks */ = {isa = PBXBuildFile; fileRef = 825505AD1858FA3800143C25 /* Winch.framework */; };
		826579631812959B00A17F63 /* Foundation.framework in Frameworks */ = {isa = PBXBuildFile; fileRef = 826579621812959B00A17F63 /* Foundation.framework */; };
		826579651812959B00A17F63 /* CoreGraphics.framework in Frameworks */ = {isa = PBXBuildFile; fileRef = 826579641812959B00A17F63 /* CoreGraphics.framework */; };
		826579671812959B00A17F63 /* UIKit.framework in Frameworks */ = {isa = PBXBuildFile; fileRef = 826579661812959B00A17F63 /* UIKit.framework */; };
		8265796D1812959B00A17F63 /* InfoPlist.strings in Resources */ = {isa = PBXBuildFile; fileRef = 8265796B1812959B00A17F63 /* InfoPlist.strings */; };
		8265796F1812959B00A17F63 /* main.m in Sources */ = {isa = PBXBuildFile; fileRef = 8265796E1812959B00A17F63 /* main.m */; };
		826579731812959B00A17F63 /* AppDelegate.m in Sources */ = {isa = PBXBuildFile; fileRef = 826579721812959B00A17F63 /* AppDelegate.m */; };
		826579751812959B00A17F63 /* Images.xcassets in Resources */ = {isa = PBXBuildFile; fileRef = 826579741812959B00A17F63 /* Images.xcassets */; };
		8265797C1812959B00A17F63 /* XCTest.framework in Frameworks */ = {isa = PBXBuildFile; fileRef = 8265797B1812959B00A17F63 /* XCTest.framework */; };
		8265797D1812959B00A17F63 /* Foundation.framework in Frameworks */ = {isa = PBXBuildFile; fileRef = 826579621812959B00A17F63 /* Foundation.framework */; };
		8265797E1812959B00A17F63 /* UIKit.framework in Frameworks */ = {isa = PBXBuildFile; fileRef = 826579661812959B00A17F63 /* UIKit.framework */; };
		826579861812959C00A17F63 /* InfoPlist.strings in Resources */ = {isa = PBXBuildFile; fileRef = 826579841812959C00A17F63 /* InfoPlist.strings */; };
		826579881812959C00A17F63 /* SnippetsTests.m in Sources */ = {isa = PBXBuildFile; fileRef = 826579871812959C00A17F63 /* SnippetsTests.m */; };
		826579DA1812B57100A17F63 /* Redis.m in Sources */ = {isa = PBXBuildFile; fileRef = 826579D91812B57100A17F63 /* Redis.m */; };
		826579DD1812B72200A17F63 /* NSError+Redis.m in Sources */ = {isa = PBXBuildFile; fileRef = 826579DC1812B72200A17F63 /* NSError+Redis.m */; };
		827C504518393D0A00703460 /* CommandCell.m in Sources */ = {isa = PBXBuildFile; fileRef = 827C504418393D0A00703460 /* CommandCell.m */; };
		827C5051183978B000703460 /* fonts in Resources */ = {isa = PBXBuildFile; fileRef = 827C5050183978B000703460 /* fonts */; };
		82B420CD182429A1002236BE /* redis-doc.html in Resources */ = {isa = PBXBuildFile; fileRef = 82B420CC182429A1002236BE /* redis-doc.html */; };
		82B420D118245D72002236BE /* WNCDatabase+Snippets.m in Sources */ = {isa = PBXBuildFile; fileRef = 82B420D018245D72002236BE /* WNCDatabase+Snippets.m */; };
		B0C77E2E1813D2B100801F34 /* redis-cli.html in Resources */ = {isa = PBXBuildFile; fileRef = B0C77E2D1813D2B100801F34 /* redis-cli.html */; };
		B0DDA74C18129CFA00E015C0 /* UIColor+Snippets.m in Sources */ = {isa = PBXBuildFile; fileRef = B0DDA74718129CFA00E015C0 /* UIColor+Snippets.m */; };
/* End PBXBuildFile section */

/* Begin PBXContainerItemProxy section */
		8265797F1812959C00A17F63 /* PBXContainerItemProxy */ = {
			isa = PBXContainerItemProxy;
			containerPortal = 826579571812959B00A17F63 /* Project object */;
			proxyType = 1;
			remoteGlobalIDString = 8265795E1812959B00A17F63;
			remoteInfo = Snippets;
		};
/* End PBXContainerItemProxy section */

/* Begin PBXFileReference section */
		1A37A8031858741400A36954 /* Topic.h */ = {isa = PBXFileReference; fileEncoding = 4; lastKnownFileType = sourcecode.c.h; path = Topic.h; sourceTree = "<group>"; };
		1A37A8041858741400A36954 /* Topic.m */ = {isa = PBXFileReference; fileEncoding = 4; lastKnownFileType = sourcecode.c.objc; path = Topic.m; sourceTree = "<group>"; };
		1A5AA0161857D542007635F5 /* UIButton+Snippets.h */ = {isa = PBXFileReference; fileEncoding = 4; lastKnownFileType = sourcecode.c.h; path = "UIButton+Snippets.h"; sourceTree = "<group>"; };
		1A5AA0171857D542007635F5 /* UIButton+Snippets.m */ = {isa = PBXFileReference; fileEncoding = 4; lastKnownFileType = sourcecode.c.objc; path = "UIButton+Snippets.m"; sourceTree = "<group>"; };
		1A9F6C061855DEA600E89A80 /* ConsoleViewController.h */ = {isa = PBXFileReference; fileEncoding = 4; lastKnownFileType = sourcecode.c.h; path = ConsoleViewController.h; sourceTree = "<group>"; };
		1A9F6C071855DEA600E89A80 /* ConsoleViewController.m */ = {isa = PBXFileReference; fileEncoding = 4; lastKnownFileType = sourcecode.c.objc; path = ConsoleViewController.m; sourceTree = "<group>"; };
		1A9F6C091855F7AB00E89A80 /* UITextField+Snippets.h */ = {isa = PBXFileReference; fileEncoding = 4; lastKnownFileType = sourcecode.c.h; path = "UITextField+Snippets.h"; sourceTree = "<group>"; };
		1A9F6C0A1855F7AB00E89A80 /* UITextField+Snippets.m */ = {isa = PBXFileReference; fileEncoding = 4; lastKnownFileType = sourcecode.c.objc; path = "UITextField+Snippets.m"; sourceTree = "<group>"; };
		1AB24859185F3C9F00703674 /* UITableView+Snippets.h */ = {isa = PBXFileReference; fileEncoding = 4; lastKnownFileType = sourcecode.c.h; path = "UITableView+Snippets.h"; sourceTree = "<group>"; };
		1AB2485A185F3C9F00703674 /* UITableView+Snippets.m */ = {isa = PBXFileReference; fileEncoding = 4; lastKnownFileType = sourcecode.c.objc; path = "UITableView+Snippets.m"; sourceTree = "<group>"; };
		1AC3D059184FD945009ED88D /* UILabel+Snippets.h */ = {isa = PBXFileReference; fileEncoding = 4; lastKnownFileType = sourcecode.c.h; path = "UILabel+Snippets.h"; sourceTree = "<group>"; };
		1AC3D05A184FD945009ED88D /* UILabel+Snippets.m */ = {isa = PBXFileReference; fileEncoding = 4; lastKnownFileType = sourcecode.c.objc; path = "UILabel+Snippets.m"; sourceTree = "<group>"; };
		1AC583101855CB810016DEF6 /* CommandViewController.h */ = {isa = PBXFileReference; fileEncoding = 4; lastKnownFileType = sourcecode.c.h; path = CommandViewController.h; sourceTree = "<group>"; };
		1AC583111855CB810016DEF6 /* CommandViewController.m */ = {isa = PBXFileReference; fileEncoding = 4; lastKnownFileType = sourcecode.c.objc; path = CommandViewController.m; sourceTree = "<group>"; };
		1AC5DBDD1857705A00EAB17C /* TopicListViewController.h */ = {isa = PBXFileReference; fileEncoding = 4; lastKnownFileType = sourcecode.c.h; path = TopicListViewController.h; sourceTree = "<group>"; };
		1AC5DBDE1857705A00EAB17C /* TopicListViewController.m */ = {isa = PBXFileReference; fileEncoding = 4; lastKnownFileType = sourcecode.c.objc; path = TopicListViewController.m; sourceTree = "<group>"; };
		1AC5DBE01857733C00EAB17C /* TopicCell.h */ = {isa = PBXFileReference; fileEncoding = 4; lastKnownFileType = sourcecode.c.h; path = TopicCell.h; sourceTree = "<group>"; };
		1AC5DBE11857733C00EAB17C /* TopicCell.m */ = {isa = PBXFileReference; fileEncoding = 4; lastKnownFileType = sourcecode.c.objc; path = TopicCell.m; sourceTree = "<group>"; };
		1AC5DBE31857782600EAB17C /* UIBarButtonItem+Snippets.h */ = {isa = PBXFileReference; fileEncoding = 4; lastKnownFileType = sourcecode.c.h; name = "UIBarButtonItem+Snippets.h"; path = "../../UIBarButtonItem+Snippets.h"; sourceTree = "<group>"; };
		1AC5DBE41857782600EAB17C /* UIBarButtonItem+Snippets.m */ = {isa = PBXFileReference; fileEncoding = 4; lastKnownFileType = sourcecode.c.objc; name = "UIBarButtonItem+Snippets.m"; path = "../../UIBarButtonItem+Snippets.m"; sourceTree = "<group>"; };
		1AC5DBE618578CF500EAB17C /* WNCSnippetsDefines.h */ = {isa = PBXFileReference; fileEncoding = 4; lastKnownFileType = sourcecode.c.h; path = WNCSnippetsDefines.h; sourceTree = "<group>"; };
		1AD4F7001851FF3E00659531 /* UIView+Snippets.h */ = {isa = PBXFileReference; fileEncoding = 4; lastKnownFileType = sourcecode.c.h; path = "UIView+Snippets.h"; sourceTree = "<group>"; };
		1AD4F7011851FF3E00659531 /* UIView+Snippets.m */ = {isa = PBXFileReference; fileEncoding = 4; lastKnownFileType = sourcecode.c.objc; path = "UIView+Snippets.m"; sourceTree = "<group>"; };
		37450F446EB0401CADA07D5F /* libPods.a */ = {isa = PBXFileReference; explicitFileType = archive.ar; includeInIndex = 0; path = libPods.a; sourceTree = BUILT_PRODUCTS_DIR; };
		651242B8D3EF4CB9ACACB863 /* Pods.xcconfig */ = {isa = PBXFileReference; includeInIndex = 1; lastKnownFileType = text.xcconfig; name = Pods.xcconfig; path = Pods/Pods.xcconfig; sourceTree = "<group>"; };
		820176FD18134C980041E4E9 /* Group.h */ = {isa = PBXFileReference; fileEncoding = 4; lastKnownFileType = sourcecode.c.h; path = Group.h; sourceTree = "<group>"; };
		820176FE18134C980041E4E9 /* Group.m */ = {isa = PBXFileReference; fileEncoding = 4; lastKnownFileType = sourcecode.c.objc; path = Group.m; sourceTree = "<group>"; };
		823B05EE183919AB00463BFD /* Main.storyboard */ = {isa = PBXFileReference; fileEncoding = 4; lastKnownFileType = file.storyboard; path = Main.storyboard; sourceTree = "<group>"; };
		823B05F41839243100463BFD /* TopicViewController.h */ = {isa = PBXFileReference; fileEncoding = 4; lastKnownFileType = sourcecode.c.h; path = TopicViewController.h; sourceTree = "<group>"; };
		823B05F51839243100463BFD /* TopicViewController.m */ = {isa = PBXFileReference; fileEncoding = 4; lastKnownFileType = sourcecode.c.objc; path = TopicViewController.m; sourceTree = "<group>"; };
		82519B2C1858D06E00684E21 /* fkredis.h */ = {isa = PBXFileReference; fileEncoding = 4; lastKnownFileType = sourcecode.c.h; name = fkredis.h; path = ../../../fakeredis.c/build/fkredis.h; sourceTree = "<group>"; };
		82519B2D1858D06E00684E21 /* libfakeredis.a */ = {isa = PBXFileReference; lastKnownFileType = archive.ar; name = libfakeredis.a; path = ../../../fakeredis.c/build/libfakeredis.a; sourceTree = "<group>"; };
		82519B2E1858D06E00684E21 /* liblua.a */ = {isa = PBXFileReference; lastKnownFileType = archive.ar; name = liblua.a; path = ../../../fakeredis.c/build/liblua.a; sourceTree = "<group>"; };
		825505AD1858FA3800143C25 /* Winch.framework */ = {isa = PBXFileReference; lastKnownFileType = wrapper.framework; path = Winch.framework; sourceTree = "<group>"; };
		8265795F1812959B00A17F63 /* Snippets.app */ = {isa = PBXFileReference; explicitFileType = wrapper.application; includeInIndex = 0; path = Snippets.app; sourceTree = BUILT_PRODUCTS_DIR; };
		826579621812959B00A17F63 /* Foundation.framework */ = {isa = PBXFileReference; lastKnownFileType = wrapper.framework; name = Foundation.framework; path = System/Library/Frameworks/Foundation.framework; sourceTree = SDKROOT; };
		826579641812959B00A17F63 /* CoreGraphics.framework */ = {isa = PBXFileReference; lastKnownFileType = wrapper.framework; name = CoreGraphics.framework; path = System/Library/Frameworks/CoreGraphics.framework; sourceTree = SDKROOT; };
		826579661812959B00A17F63 /* UIKit.framework */ = {isa = PBXFileReference; lastKnownFileType = wrapper.framework; name = UIKit.framework; path = System/Library/Frameworks/UIKit.framework; sourceTree = SDKROOT; };
		8265796A1812959B00A17F63 /* Snippets-Info.plist */ = {isa = PBXFileReference; lastKnownFileType = text.plist.xml; path = "Snippets-Info.plist"; sourceTree = "<group>"; };
		8265796C1812959B00A17F63 /* en */ = {isa = PBXFileReference; lastKnownFileType = text.plist.strings; name = en; path = en.lproj/InfoPlist.strings; sourceTree = "<group>"; };
		8265796E1812959B00A17F63 /* main.m */ = {isa = PBXFileReference; lastKnownFileType = sourcecode.c.objc; path = main.m; sourceTree = "<group>"; };
		826579701812959B00A17F63 /* Snippets-Prefix.pch */ = {isa = PBXFileReference; lastKnownFileType = sourcecode.c.h; path = "Snippets-Prefix.pch"; sourceTree = "<group>"; };
		826579711812959B00A17F63 /* AppDelegate.h */ = {isa = PBXFileReference; lastKnownFileType = sourcecode.c.h; path = AppDelegate.h; sourceTree = "<group>"; };
		826579721812959B00A17F63 /* AppDelegate.m */ = {isa = PBXFileReference; lastKnownFileType = sourcecode.c.objc; path = AppDelegate.m; sourceTree = "<group>"; };
		826579741812959B00A17F63 /* Images.xcassets */ = {isa = PBXFileReference; lastKnownFileType = folder.assetcatalog; path = Images.xcassets; sourceTree = "<group>"; };
		8265797A1812959B00A17F63 /* SnippetsTests.xctest */ = {isa = PBXFileReference; explicitFileType = wrapper.cfbundle; includeInIndex = 0; path = SnippetsTests.xctest; sourceTree = BUILT_PRODUCTS_DIR; };
		8265797B1812959B00A17F63 /* XCTest.framework */ = {isa = PBXFileReference; lastKnownFileType = wrapper.framework; name = XCTest.framework; path = Library/Frameworks/XCTest.framework; sourceTree = DEVELOPER_DIR; };
		826579831812959C00A17F63 /* SnippetsTests-Info.plist */ = {isa = PBXFileReference; lastKnownFileType = text.plist.xml; path = "SnippetsTests-Info.plist"; sourceTree = "<group>"; };
		826579851812959C00A17F63 /* en */ = {isa = PBXFileReference; lastKnownFileType = text.plist.strings; name = en; path = en.lproj/InfoPlist.strings; sourceTree = "<group>"; };
		826579871812959C00A17F63 /* SnippetsTests.m */ = {isa = PBXFileReference; lastKnownFileType = sourcecode.c.objc; path = SnippetsTests.m; sourceTree = "<group>"; };
		826579D81812B57100A17F63 /* Redis.h */ = {isa = PBXFileReference; fileEncoding = 4; lastKnownFileType = sourcecode.c.h; path = Redis.h; sourceTree = "<group>"; };
		826579D91812B57100A17F63 /* Redis.m */ = {isa = PBXFileReference; fileEncoding = 4; lastKnownFileType = sourcecode.c.objc; path = Redis.m; sourceTree = "<group>"; };
		826579DB1812B72200A17F63 /* NSError+Redis.h */ = {isa = PBXFileReference; fileEncoding = 4; lastKnownFileType = sourcecode.c.h; path = "NSError+Redis.h"; sourceTree = "<group>"; };
		826579DC1812B72200A17F63 /* NSError+Redis.m */ = {isa = PBXFileReference; fileEncoding = 4; lastKnownFileType = sourcecode.c.objc; path = "NSError+Redis.m"; sourceTree = "<group>"; };
		827C504318393D0A00703460 /* CommandCell.h */ = {isa = PBXFileReference; fileEncoding = 4; lastKnownFileType = sourcecode.c.h; path = CommandCell.h; sourceTree = "<group>"; };
		827C504418393D0A00703460 /* CommandCell.m */ = {isa = PBXFileReference; fileEncoding = 4; lastKnownFileType = sourcecode.c.objc; path = CommandCell.m; sourceTree = "<group>"; };
		827C5050183978B000703460 /* fonts */ = {isa = PBXFileReference; lastKnownFileType = folder; path = fonts; sourceTree = "<group>"; };
		82B420CC182429A1002236BE /* redis-doc.html */ = {isa = PBXFileReference; fileEncoding = 4; lastKnownFileType = text.html; path = "redis-doc.html"; sourceTree = "<group>"; };
		82B420CF18245D72002236BE /* WNCDatabase+Snippets.h */ = {isa = PBXFileReference; fileEncoding = 4; lastKnownFileType = sourcecode.c.h; path = "WNCDatabase+Snippets.h"; sourceTree = "<group>"; };
		82B420D018245D72002236BE /* WNCDatabase+Snippets.m */ = {isa = PBXFileReference; fileEncoding = 4; lastKnownFileType = sourcecode.c.objc; path = "WNCDatabase+Snippets.m"; sourceTree = "<group>"; };
		82C46F421813311100E3E5E6 /* Command.h */ = {isa = PBXFileReference; fileEncoding = 4; lastKnownFileType = sourcecode.c.h; path = Command.h; sourceTree = "<group>"; };
		82C46F431813311100E3E5E6 /* Command.m */ = {isa = PBXFileReference; fileEncoding = 4; lastKnownFileType = sourcecode.c.objc; path = Command.m; sourceTree = "<group>"; };
		B0C77E2D1813D2B100801F34 /* redis-cli.html */ = {isa = PBXFileReference; fileEncoding = 4; lastKnownFileType = text.html; path = "redis-cli.html"; sourceTree = "<group>"; };
		B0DDA74618129CFA00E015C0 /* UIColor+Snippets.h */ = {isa = PBXFileReference; fileEncoding = 4; lastKnownFileType = sourcecode.c.h; path = "UIColor+Snippets.h"; sourceTree = "<group>"; };
		B0DDA74718129CFA00E015C0 /* UIColor+Snippets.m */ = {isa = PBXFileReference; fileEncoding = 4; lastKnownFileType = sourcecode.c.objc; path = "UIColor+Snippets.m"; sourceTree = "<group>"; };
/* End PBXFileReference section */

/* Begin PBXFrameworksBuildPhase section */
		8265795C1812959B00A17F63 /* Frameworks */ = {
			isa = PBXFrameworksBuildPhase;
			buildActionMask = 2147483647;
			files = (
				82519B301858D06E00684E21 /* liblua.a in Frameworks */,
				826579651812959B00A17F63 /* CoreGraphics.framework in Frameworks */,
				826579671812959B00A17F63 /* UIKit.framework in Frameworks */,
				82519B2F1858D06E00684E21 /* libfakeredis.a in Frameworks */,
				825505AE1858FA3800143C25 /* Winch.framework in Frameworks */,
				826579631812959B00A17F63 /* Foundation.framework in Frameworks */,
				78725F2014C64450A936079C /* libPods.a in Frameworks */,
			);
			runOnlyForDeploymentPostprocessing = 0;
		};
		826579771812959B00A17F63 /* Frameworks */ = {
			isa = PBXFrameworksBuildPhase;
			buildActionMask = 2147483647;
			files = (
				8265797C1812959B00A17F63 /* XCTest.framework in Frameworks */,
				8265797E1812959B00A17F63 /* UIKit.framework in Frameworks */,
				8265797D1812959B00A17F63 /* Foundation.framework in Frameworks */,
			);
			runOnlyForDeploymentPostprocessing = 0;
		};
/* End PBXFrameworksBuildPhase section */

/* Begin PBXGroup section */
		825505AC1858F5D500143C25 /* Lua */ = {
			isa = PBXGroup;
			children = (
				82519B2E1858D06E00684E21 /* liblua.a */,
			);
			name = Lua;
			sourceTree = "<group>";
		};
		826579561812959B00A17F63 = {
			isa = PBXGroup;
			children = (
				826579681812959B00A17F63 /* Snippets */,
				826579811812959C00A17F63 /* SnippetsTests */,
				826579611812959B00A17F63 /* Frameworks */,
				826579601812959B00A17F63 /* Products */,
				651242B8D3EF4CB9ACACB863 /* Pods.xcconfig */,
			);
			sourceTree = "<group>";
		};
		826579601812959B00A17F63 /* Products */ = {
			isa = PBXGroup;
			children = (
				8265795F1812959B00A17F63 /* Snippets.app */,
				8265797A1812959B00A17F63 /* SnippetsTests.xctest */,
			);
			name = Products;
			sourceTree = "<group>";
		};
		826579611812959B00A17F63 /* Frameworks */ = {
			isa = PBXGroup;
			children = (
				825505AD1858FA3800143C25 /* Winch.framework */,
				826579621812959B00A17F63 /* Foundation.framework */,
				826579641812959B00A17F63 /* CoreGraphics.framework */,
				826579661812959B00A17F63 /* UIKit.framework */,
				8265797B1812959B00A17F63 /* XCTest.framework */,
				37450F446EB0401CADA07D5F /* libPods.a */,
			);
			name = Frameworks;
			sourceTree = "<group>";
		};
		826579681812959B00A17F63 /* Snippets */ = {
			isa = PBXGroup;
			children = (
				82B420CE18245D17002236BE /* Winch+ */,
				826579D01812AA8300A17F63 /* fakeredis */,
				825505AC1858F5D500143C25 /* Lua */,
				B0DDA738181298B400E015C0 /* Views */,
				82C46F41181330F000E3E5E6 /* Models */,
				B0DDA7371812982F00E015C0 /* View Controllers */,
				826579711812959B00A17F63 /* AppDelegate.h */,
				826579721812959B00A17F63 /* AppDelegate.m */,
				823B05EE183919AB00463BFD /* Main.storyboard */,
				827C5050183978B000703460 /* fonts */,
				826579741812959B00A17F63 /* Images.xcassets */,
				826579691812959B00A17F63 /* Supporting Files */,
			);
			path = Snippets;
			sourceTree = "<group>";
		};
		826579691812959B00A17F63 /* Supporting Files */ = {
			isa = PBXGroup;
			children = (
				B0C77E2D1813D2B100801F34 /* redis-cli.html */,
				82B420CC182429A1002236BE /* redis-doc.html */,
				8265796A1812959B00A17F63 /* Snippets-Info.plist */,
				8265796B1812959B00A17F63 /* InfoPlist.strings */,
				8265796E1812959B00A17F63 /* main.m */,
				826579701812959B00A17F63 /* Snippets-Prefix.pch */,
			);
			name = "Supporting Files";
			sourceTree = "<group>";
		};
		826579811812959C00A17F63 /* SnippetsTests */ = {
			isa = PBXGroup;
			children = (
				826579871812959C00A17F63 /* SnippetsTests.m */,
				826579821812959C00A17F63 /* Supporting Files */,
			);
			path = SnippetsTests;
			sourceTree = "<group>";
		};
		826579821812959C00A17F63 /* Supporting Files */ = {
			isa = PBXGroup;
			children = (
				826579831812959C00A17F63 /* SnippetsTests-Info.plist */,
				826579841812959C00A17F63 /* InfoPlist.strings */,
			);
			name = "Supporting Files";
			sourceTree = "<group>";
		};
		826579D01812AA8300A17F63 /* fakeredis */ = {
			isa = PBXGroup;
			children = (
				82519B2C1858D06E00684E21 /* fkredis.h */,
				82519B2D1858D06E00684E21 /* libfakeredis.a */,
				826579D41812B4C400A17F63 /* Obj-C */,
			);
			name = fakeredis;
			sourceTree = "<group>";
		};
		826579D41812B4C400A17F63 /* Obj-C */ = {
			isa = PBXGroup;
			children = (
				826579D81812B57100A17F63 /* Redis.h */,
				826579D91812B57100A17F63 /* Redis.m */,
				826579DB1812B72200A17F63 /* NSError+Redis.h */,
				826579DC1812B72200A17F63 /* NSError+Redis.m */,
			);
			name = "Obj-C";
			sourceTree = "<group>";
		};
		82B420CE18245D17002236BE /* Winch+ */ = {
			isa = PBXGroup;
			children = (
				1AC5DBE618578CF500EAB17C /* WNCSnippetsDefines.h */,
				82B420CF18245D72002236BE /* WNCDatabase+Snippets.h */,
				82B420D018245D72002236BE /* WNCDatabase+Snippets.m */,
			);
			name = "Winch+";
			sourceTree = "<group>";
		};
		82C46F41181330F000E3E5E6 /* Models */ = {
			isa = PBXGroup;
			children = (
				1A37A8031858741400A36954 /* Topic.h */,
				1A37A8041858741400A36954 /* Topic.m */,
				82C46F421813311100E3E5E6 /* Command.h */,
				82C46F431813311100E3E5E6 /* Command.m */,
				820176FD18134C980041E4E9 /* Group.h */,
				820176FE18134C980041E4E9 /* Group.m */,
			);
			name = Models;
			sourceTree = "<group>";
		};
		B0DDA7371812982F00E015C0 /* View Controllers */ = {
			isa = PBXGroup;
			children = (
				1AC5DBDD1857705A00EAB17C /* TopicListViewController.h */,
				1AC5DBDE1857705A00EAB17C /* TopicListViewController.m */,
				823B05F41839243100463BFD /* TopicViewController.h */,
				823B05F51839243100463BFD /* TopicViewController.m */,
				1AC583101855CB810016DEF6 /* CommandViewController.h */,
				1AC583111855CB810016DEF6 /* CommandViewController.m */,
				1A9F6C061855DEA600E89A80 /* ConsoleViewController.h */,
				1A9F6C071855DEA600E89A80 /* ConsoleViewController.m */,
			);
			name = "View Controllers";
			sourceTree = "<group>";
		};
		B0DDA738181298B400E015C0 /* Views */ = {
			isa = PBXGroup;
			children = (
				827C504318393D0A00703460 /* CommandCell.h */,
				827C504418393D0A00703460 /* CommandCell.m */,
				1AC5DBE01857733C00EAB17C /* TopicCell.h */,
				1AC5DBE11857733C00EAB17C /* TopicCell.m */,
				B0DDA74518129CFA00E015C0 /* UI Categories */,
			);
			name = Views;
			sourceTree = "<group>";
		};
		B0DDA74518129CFA00E015C0 /* UI Categories */ = {
			isa = PBXGroup;
			children = (
				1A5AA0161857D542007635F5 /* UIButton+Snippets.h */,
				1A5AA0171857D542007635F5 /* UIButton+Snippets.m */,
				1AD4F7001851FF3E00659531 /* UIView+Snippets.h */,
				1AD4F7011851FF3E00659531 /* UIView+Snippets.m */,
				B0DDA74618129CFA00E015C0 /* UIColor+Snippets.h */,
				B0DDA74718129CFA00E015C0 /* UIColor+Snippets.m */,
				1AC3D059184FD945009ED88D /* UILabel+Snippets.h */,
				1AC3D05A184FD945009ED88D /* UILabel+Snippets.m */,
				1A9F6C091855F7AB00E89A80 /* UITextField+Snippets.h */,
				1A9F6C0A1855F7AB00E89A80 /* UITextField+Snippets.m */,
				1AC5DBE31857782600EAB17C /* UIBarButtonItem+Snippets.h */,
				1AC5DBE41857782600EAB17C /* UIBarButtonItem+Snippets.m */,
				1AB24859185F3C9F00703674 /* UITableView+Snippets.h */,
				1AB2485A185F3C9F00703674 /* UITableView+Snippets.m */,
			);
			name = "UI Categories";
			path = Components/Category;
			sourceTree = "<group>";
		};
/* End PBXGroup section */

/* Begin PBXNativeTarget section */
		8265795E1812959B00A17F63 /* Snippets */ = {
			isa = PBXNativeTarget;
			buildConfigurationList = 8265798B1812959C00A17F63 /* Build configuration list for PBXNativeTarget "Snippets" */;
			buildPhases = (
				832D6915EF2E4E30AB121F3D /* Check Pods Manifest.lock */,
				8265795B1812959B00A17F63 /* Sources */,
				8265795C1812959B00A17F63 /* Frameworks */,
				8265795D1812959B00A17F63 /* Resources */,
				0B83B07EE0C44207B498BCFB /* Copy Pods Resources */,
			);
			buildRules = (
			);
			dependencies = (
			);
			name = Snippets;
			productName = Snippets;
			productReference = 8265795F1812959B00A17F63 /* Snippets.app */;
			productType = "com.apple.product-type.application";
		};
		826579791812959B00A17F63 /* SnippetsTests */ = {
			isa = PBXNativeTarget;
			buildConfigurationList = 8265798E1812959C00A17F63 /* Build configuration list for PBXNativeTarget "SnippetsTests" */;
			buildPhases = (
				826579761812959B00A17F63 /* Sources */,
				826579771812959B00A17F63 /* Frameworks */,
				826579781812959B00A17F63 /* Resources */,
			);
			buildRules = (
			);
			dependencies = (
				826579801812959C00A17F63 /* PBXTargetDependency */,
			);
			name = SnippetsTests;
			productName = SnippetsTests;
			productReference = 8265797A1812959B00A17F63 /* SnippetsTests.xctest */;
			productType = "com.apple.product-type.bundle.unit-test";
		};
/* End PBXNativeTarget section */

/* Begin PBXProject section */
		826579571812959B00A17F63 /* Project object */ = {
			isa = PBXProject;
			attributes = {
				CLASSPREFIX = LN;
				LastUpgradeCheck = 0500;
				ORGANIZATIONNAME = Snippets;
				TargetAttributes = {
					826579791812959B00A17F63 = {
						TestTargetID = 8265795E1812959B00A17F63;
					};
				};
			};
			buildConfigurationList = 8265795A1812959B00A17F63 /* Build configuration list for PBXProject "Snippets" */;
			compatibilityVersion = "Xcode 3.2";
			developmentRegion = English;
			hasScannedForEncodings = 0;
			knownRegions = (
				en,
			);
			mainGroup = 826579561812959B00A17F63;
			productRefGroup = 826579601812959B00A17F63 /* Products */;
			projectDirPath = "";
			projectRoot = "";
			targets = (
				8265795E1812959B00A17F63 /* Snippets */,
				826579791812959B00A17F63 /* SnippetsTests */,
			);
		};
/* End PBXProject section */

/* Begin PBXResourcesBuildPhase section */
		8265795D1812959B00A17F63 /* Resources */ = {
			isa = PBXResourcesBuildPhase;
			buildActionMask = 2147483647;
			files = (
				8265796D1812959B00A17F63 /* InfoPlist.strings in Resources */,
				B0C77E2E1813D2B100801F34 /* redis-cli.html in Resources */,
				82B420CD182429A1002236BE /* redis-doc.html in Resources */,
				827C5051183978B000703460 /* fonts in Resources */,
				826579751812959B00A17F63 /* Images.xcassets in Resources */,
				823B05EF183919AB00463BFD /* Main.storyboard in Resources */,
			);
			runOnlyForDeploymentPostprocessing = 0;
		};
		826579781812959B00A17F63 /* Resources */ = {
			isa = PBXResourcesBuildPhase;
			buildActionMask = 2147483647;
			files = (
				826579861812959C00A17F63 /* InfoPlist.strings in Resources */,
			);
			runOnlyForDeploymentPostprocessing = 0;
		};
/* End PBXResourcesBuildPhase section */

/* Begin PBXShellScriptBuildPhase section */
		0B83B07EE0C44207B498BCFB /* Copy Pods Resources */ = {
			isa = PBXShellScriptBuildPhase;
			buildActionMask = 2147483647;
			files = (
			);
			inputPaths = (
			);
			name = "Copy Pods Resources";
			outputPaths = (
			);
			runOnlyForDeploymentPostprocessing = 0;
			shellPath = /bin/sh;
			shellScript = "\"${SRCROOT}/Pods/Pods-resources.sh\"\n";
			showEnvVarsInLog = 0;
		};
		832D6915EF2E4E30AB121F3D /* Check Pods Manifest.lock */ = {
			isa = PBXShellScriptBuildPhase;
			buildActionMask = 2147483647;
			files = (
			);
			inputPaths = (
			);
			name = "Check Pods Manifest.lock";
			outputPaths = (
			);
			runOnlyForDeploymentPostprocessing = 0;
			shellPath = /bin/sh;
			shellScript = "diff \"${PODS_ROOT}/../Podfile.lock\" \"${PODS_ROOT}/Manifest.lock\" > /dev/null\nif [[ $? != 0 ]] ; then\n    cat << EOM\nerror: The sandbox is not in sync with the Podfile.lock. Run 'pod install' or update your CocoaPods installation.\nEOM\n    exit 1\nfi\n";
			showEnvVarsInLog = 0;
		};
/* End PBXShellScriptBuildPhase section */

/* Begin PBXSourcesBuildPhase section */
		8265795B1812959B00A17F63 /* Sources */ = {
			isa = PBXSourcesBuildPhase;
			buildActionMask = 2147483647;
			files = (
				B0DDA74C18129CFA00E015C0 /* UIColor+Snippets.m in Sources */,
				827C504518393D0A00703460 /* CommandCell.m in Sources */,
				1AC5DBE51857782600EAB17C /* UIBarButtonItem+Snippets.m in Sources */,
				1A9F6C081855DEA600E89A80 /* ConsoleViewController.m in Sources */,
				1A5AA0181857D542007635F5 /* UIButton+Snippets.m in Sources */,
				826579731812959B00A17F63 /* AppDelegate.m in Sources */,
				1AD4F7021851FF3E00659531 /* UIView+Snippets.m in Sources */,
				1AC583121855CB810016DEF6 /* CommandViewController.m in Sources */,
				826579DA1812B57100A17F63 /* Redis.m in Sources */,
				1AC5DBE21857733C00EAB17C /* TopicCell.m in Sources */,
				8265796F1812959B00A17F63 /* main.m in Sources */,
				1AC3D05B184FD945009ED88D /* UILabel+Snippets.m in Sources */,
				1A37A8051858741400A36954 /* Topic.m in Sources */,
				1A9F6C0B1855F7AB00E89A80 /* UITextField+Snippets.m in Sources */,
				823B05F61839243100463BFD /* TopicViewController.m in Sources */,
				826579DD1812B72200A17F63 /* NSError+Redis.m in Sources */,
				820176FF18134C980041E4E9 /* Group.m in Sources */,
				1AC3D073184FDD8F009ED88D /* Command.m in Sources */,
				82B420D118245D72002236BE /* WNCDatabase+Snippets.m in Sources */,
				1AB2485B185F3C9F00703674 /* UITableView+Snippets.m in Sources */,
				1AC5DBDF1857705A00EAB17C /* TopicListViewController.m in Sources */,
			);
			runOnlyForDeploymentPostprocessing = 0;
		};
		826579761812959B00A17F63 /* Sources */ = {
			isa = PBXSourcesBuildPhase;
			buildActionMask = 2147483647;
			files = (
				826579881812959C00A17F63 /* SnippetsTests.m in Sources */,
			);
			runOnlyForDeploymentPostprocessing = 0;
		};
/* End PBXSourcesBuildPhase section */

/* Begin PBXTargetDependency section */
		826579801812959C00A17F63 /* PBXTargetDependency */ = {
			isa = PBXTargetDependency;
			target = 8265795E1812959B00A17F63 /* Snippets */;
			targetProxy = 8265797F1812959C00A17F63 /* PBXContainerItemProxy */;
		};
/* End PBXTargetDependency section */

/* Begin PBXVariantGroup section */
		8265796B1812959B00A17F63 /* InfoPlist.strings */ = {
			isa = PBXVariantGroup;
			children = (
				8265796C1812959B00A17F63 /* en */,
			);
			name = InfoPlist.strings;
			sourceTree = "<group>";
		};
		826579841812959C00A17F63 /* InfoPlist.strings */ = {
			isa = PBXVariantGroup;
			children = (
				826579851812959C00A17F63 /* en */,
			);
			name = InfoPlist.strings;
			sourceTree = "<group>";
		};
/* End PBXVariantGroup section */

/* Begin XCBuildConfiguration section */
		826579891812959C00A17F63 /* Debug */ = {
			isa = XCBuildConfiguration;
			buildSettings = {
				ALWAYS_SEARCH_USER_PATHS = NO;
				ARCHS = "$(ARCHS_STANDARD_INCLUDING_64_BIT)";
				CLANG_CXX_LANGUAGE_STANDARD = "gnu++0x";
				CLANG_CXX_LIBRARY = "libc++";
				CLANG_ENABLE_MODULES = YES;
				CLANG_ENABLE_OBJC_ARC = YES;
				CLANG_WARN_BOOL_CONVERSION = YES;
				CLANG_WARN_CONSTANT_CONVERSION = YES;
				CLANG_WARN_DIRECT_OBJC_ISA_USAGE = YES_ERROR;
				CLANG_WARN_EMPTY_BODY = YES;
				CLANG_WARN_ENUM_CONVERSION = YES;
				CLANG_WARN_INT_CONVERSION = YES;
				CLANG_WARN_OBJC_ROOT_CLASS = YES_ERROR;
				CLANG_WARN__DUPLICATE_METHOD_MATCH = YES;
				"CODE_SIGN_IDENTITY[sdk=iphoneos*]" = "iPhone Developer";
				COPY_PHASE_STRIP = NO;
				GCC_C_LANGUAGE_STANDARD = gnu99;
				GCC_DYNAMIC_NO_PIC = NO;
				GCC_OPTIMIZATION_LEVEL = 0;
				GCC_PREPROCESSOR_DEFINITIONS = (
					"DEBUG=1",
					"$(inherited)",
				);
				GCC_SYMBOLS_PRIVATE_EXTERN = NO;
				GCC_WARN_64_TO_32_BIT_CONVERSION = YES;
				GCC_WARN_ABOUT_RETURN_TYPE = YES_ERROR;
				GCC_WARN_UNDECLARED_SELECTOR = YES;
				GCC_WARN_UNINITIALIZED_AUTOS = YES;
				GCC_WARN_UNUSED_FUNCTION = YES;
				GCC_WARN_UNUSED_VARIABLE = YES;
				IPHONEOS_DEPLOYMENT_TARGET = 7.0;
				ONLY_ACTIVE_ARCH = YES;
				SDKROOT = iphoneos;
			};
			name = Debug;
		};
		8265798A1812959C00A17F63 /* Release */ = {
			isa = XCBuildConfiguration;
			buildSettings = {
				ALWAYS_SEARCH_USER_PATHS = NO;
				ARCHS = "$(ARCHS_STANDARD_INCLUDING_64_BIT)";
				CLANG_CXX_LANGUAGE_STANDARD = "gnu++0x";
				CLANG_CXX_LIBRARY = "libc++";
				CLANG_ENABLE_MODULES = YES;
				CLANG_ENABLE_OBJC_ARC = YES;
				CLANG_WARN_BOOL_CONVERSION = YES;
				CLANG_WARN_CONSTANT_CONVERSION = YES;
				CLANG_WARN_DIRECT_OBJC_ISA_USAGE = YES_ERROR;
				CLANG_WARN_EMPTY_BODY = YES;
				CLANG_WARN_ENUM_CONVERSION = YES;
				CLANG_WARN_INT_CONVERSION = YES;
				CLANG_WARN_OBJC_ROOT_CLASS = YES_ERROR;
				CLANG_WARN__DUPLICATE_METHOD_MATCH = YES;
				"CODE_SIGN_IDENTITY[sdk=iphoneos*]" = "iPhone Developer";
				COPY_PHASE_STRIP = YES;
				ENABLE_NS_ASSERTIONS = NO;
				GCC_C_LANGUAGE_STANDARD = gnu99;
				GCC_WARN_64_TO_32_BIT_CONVERSION = YES;
				GCC_WARN_ABOUT_RETURN_TYPE = YES_ERROR;
				GCC_WARN_UNDECLARED_SELECTOR = YES;
				GCC_WARN_UNINITIALIZED_AUTOS = YES;
				GCC_WARN_UNUSED_FUNCTION = YES;
				GCC_WARN_UNUSED_VARIABLE = YES;
				IPHONEOS_DEPLOYMENT_TARGET = 7.0;
				SDKROOT = iphoneos;
				VALIDATE_PRODUCT = YES;
			};
			name = Release;
		};
		8265798C1812959C00A17F63 /* Debug */ = {
			isa = XCBuildConfiguration;
			baseConfigurationReference = 651242B8D3EF4CB9ACACB863 /* Pods.xcconfig */;
			buildSettings = {
				ASSETCATALOG_COMPILER_APPICON_NAME = AppIcon;
				ASSETCATALOG_COMPILER_LAUNCHIMAGE_NAME = LaunchImage;
				FRAMEWORK_SEARCH_PATHS = (
					"$(inherited)",
					.,
					/Users/cedric/Projects/tmp/snippets/client/Snippets,
				);
				GCC_PRECOMPILE_PREFIX_HEADER = YES;
				GCC_PREFIX_HEADER = "Snippets/Snippets-Prefix.pch";
				GCC_PREPROCESSOR_DEFINITIONS = (
					"$(inherited)",
					"COCOAPODS=1",
					"WNC_APP_SECRET='@\"$(WINCH_APP_SECRET)\"'",
					"WNC_DATASTORE_ID='@\"$(WINCH_DATASTORE_ID)\"'",
					"SN_SCHEMA_VERSION='@\"$(SNIPPETS_SCHEMA_VERSION)\"'",
				);
				INFOPLIST_FILE = "Snippets/Snippets-Info.plist";
				LIBRARY_SEARCH_PATHS = (
					"$(inherited)",
					../../fakeredis.c/build,
				);
				PRODUCT_NAME = Snippets;
				SNIPPETS_SCHEMA_VERSION = 1;
				WINCH_APP_SECRET = 1LPbPhLr5DiutD1Z;
				WINCH_DATASTORE_ID = ZCDFQ0KDSO;
				WRAPPER_EXTENSION = app;
			};
			name = Debug;
		};
		8265798D1812959C00A17F63 /* Release */ = {
			isa = XCBuildConfiguration;
			baseConfigurationReference = 651242B8D3EF4CB9ACACB863 /* Pods.xcconfig */;
			buildSettings = {
				ASSETCATALOG_COMPILER_APPICON_NAME = AppIcon;
				ASSETCATALOG_COMPILER_LAUNCHIMAGE_NAME = LaunchImage;
				FRAMEWORK_SEARCH_PATHS = (
					"$(inherited)",
					.,
					/Users/cedric/Projects/tmp/snippets/client/Snippets,
				);
				GCC_PRECOMPILE_PREFIX_HEADER = YES;
				GCC_PREFIX_HEADER = "Snippets/Snippets-Prefix.pch";
				GCC_PREPROCESSOR_DEFINITIONS = (
					"$(inherited)",
					"COCOAPODS=1",
					"WNC_APP_SECRET='@\"$(WINCH_APP_SECRET)\"'",
					"WNC_DATASTORE_ID='@\"$(WINCH_DATASTORE_ID)\"'",
					"SN_SCHEMA_VERSION='@\"$(SNIPPETS_SCHEMA_VERSION)\"'",
				);
				INFOPLIST_FILE = "Snippets/Snippets-Info.plist";
				LIBRARY_SEARCH_PATHS = (
					"$(inherited)",
					../../fakeredis.c/build,
				);
				PRODUCT_NAME = Snippets;
				SNIPPETS_SCHEMA_VERSION = 1;
				WINCH_APP_SECRET = 1LPbPhLr5DiutD1Z;
				WINCH_DATASTORE_ID = ZCDFQ0KDSO;
				WRAPPER_EXTENSION = app;
			};
			name = Release;
		};
		8265798F1812959C00A17F63 /* Debug */ = {
			isa = XCBuildConfiguration;
			buildSettings = {
				ARCHS = "$(ARCHS_STANDARD_INCLUDING_64_BIT)";
				BUNDLE_LOADER = "$(BUILT_PRODUCTS_DIR)/Snippets.app/Snippets";
				FRAMEWORK_SEARCH_PATHS = (
					"$(SDKROOT)/Developer/Library/Frameworks",
					"$(inherited)",
					"$(DEVELOPER_FRAMEWORKS_DIR)",
				);
				GCC_PRECOMPILE_PREFIX_HEADER = YES;
				GCC_PREFIX_HEADER = "Snippets/Snippets-Prefix.pch";
				GCC_PREPROCESSOR_DEFINITIONS = (
					"DEBUG=1",
					"$(inherited)",
				);
				INFOPLIST_FILE = "SnippetsTests/SnippetsTests-Info.plist";
				PRODUCT_NAME = SnippetsTests;
				TEST_HOST = "$(BUNDLE_LOADER)";
				WRAPPER_EXTENSION = xctest;
			};
			name = Debug;
		};
		826579901812959C00A17F63 /* Release */ = {
			isa = XCBuildConfiguration;
			buildSettings = {
				ARCHS = "$(ARCHS_STANDARD_INCLUDING_64_BIT)";
				BUNDLE_LOADER = "$(BUILT_PRODUCTS_DIR)/Snippets.app/Snippets";
				FRAMEWORK_SEARCH_PATHS = (
					"$(SDKROOT)/Developer/Library/Frameworks",
					"$(inherited)",
					"$(DEVELOPER_FRAMEWORKS_DIR)",
				);
				GCC_PRECOMPILE_PREFIX_HEADER = YES;
				GCC_PREFIX_HEADER = "Snippets/Snippets-Prefix.pch";
				INFOPLIST_FILE = "SnippetsTests/SnippetsTests-Info.plist";
				PRODUCT_NAME = SnippetsTests;
				TEST_HOST = "$(BUNDLE_LOADER)";
				WRAPPER_EXTENSION = xctest;
			};
			name = Release;
		};
/* End XCBuildConfiguration section */

/* Begin XCConfigurationList section */
		8265795A1812959B00A17F63 /* Build configuration list for PBXProject "Snippets" */ = {
			isa = XCConfigurationList;
			buildConfigurations = (
				826579891812959C00A17F63 /* Debug */,
				8265798A1812959C00A17F63 /* Release */,
			);
			defaultConfigurationIsVisible = 0;
			defaultConfigurationName = Release;
		};
		8265798B1812959C00A17F63 /* Build configuration list for PBXNativeTarget "Snippets" */ = {
			isa = XCConfigurationList;
			buildConfigurations = (
				8265798C1812959C00A17F63 /* Debug */,
				8265798D1812959C00A17F63 /* Release */,
			);
			defaultConfigurationIsVisible = 0;
			defaultConfigurationName = Release;
		};
		8265798E1812959C00A17F63 /* Build configuration list for PBXNativeTarget "SnippetsTests" */ = {
			isa = XCConfigurationList;
			buildConfigurations = (
				8265798F1812959C00A17F63 /* Debug */,
				826579901812959C00A17F63 /* Release */,
			);
			defaultConfigurationIsVisible = 0;
			defaultConfigurationName = Release;
		};
/* End XCConfigurationList section */
	};
	rootObject = 826579571812959B00A17F63 /* Project object */;
}
